
Microsoft Visual Studio Solution File, Format Version 12.00
Project("{FAE04EC0-301F-11D3-BF4B-00C04F79EFBC}") = "ScheduleParser.Api", "ScheduleParser.Api\ScheduleParser.Api.csproj", "{3F47F883-DE5A-4F6C-B990-2C6CC63AABCB}"
EndProject
Project("{FAE04EC0-301F-11D3-BF4B-00C04F79EFBC}") = "ScheduleParser.Domain", "ScheduleParser.Domain\ScheduleParser.Domain.csproj", "{77739E15-9E7E-44C8-A1AD-7122669F9846}"
EndProject
Global
	GlobalSection(SolutionConfigurationPlatforms) = preSolution
		Debug|Any CPU = Debug|Any CPU
		Release|Any CPU = Release|Any CPU
	EndGlobalSection
	GlobalSection(ProjectConfigurationPlatforms) = postSolution
		{3F47F883-DE5A-4F6C-B990-2C6CC63AABCB}.Debug|Any CPU.ActiveCfg = Debug|Any CPU
		{3F47F883-DE5A-4F6C-B990-2C6CC63AABCB}.Debug|Any CPU.Build.0 = Debug|Any CPU
		{3F47F883-DE5A-4F6C-B990-2C6CC63AABCB}.Release|Any CPU.ActiveCfg = Release|Any CPU
		{3F47F883-DE5A-4F6C-B990-2C6CC63AABCB}.Release|Any CPU.Build.0 = Release|Any CPU
		{77739E15-9E7E-44C8-A1AD-7122669F9846}.Debug|Any CPU.ActiveCfg = Debug|Any CPU
		{77739E15-9E7E-44C8-A1AD-7122669F9846}.Debug|Any CPU.Build.0 = Debug|Any CPU
		{77739E15-9E7E-44C8-A1AD-7122669F9846}.Release|Any CPU.ActiveCfg = Release|Any CPU
		{77739E15-9E7E-44C8-A1AD-7122669F9846}.Release|Any CPU.Build.0 = Release|Any CPU
	EndGlobalSection
EndGlobal
